<?xml version="1.0" encoding="utf-8"?>
<Project ToolsVersion="4.0" xmlns="http://schemas.microsoft.com/developer/msbuild/2003">
  <ItemGroup>
    <Filter Include="Source Files">
      <UniqueIdentifier>{bfe8d6b0-594f-4b55-9f95-101bbcf4069c}</UniqueIdentifier>
      <Extensions>cpp;c;cxx;rc;def;r;odl;idl;hpj;bat</Extensions>
    </Filter>
    <Filter Include="Header Files">
      <UniqueIdentifier>{d65b2760-468c-4206-a19a-48323a50ba5a}</UniqueIdentifier>
      <Extensions>h;hpp;hxx;hm;inl</Extensions>
    </Filter>
    <Filter Include="Common Source Files">
      <UniqueIdentifier>{27b769a5-0972-4e9e-b78c-09ad3341579c}</UniqueIdentifier>
      <Extensions>.cpp</Extensions>
    </Filter>
    <Filter Include="Common Header Files">
      <UniqueIdentifier>{11757e5a-691c-49c9-a627-df027ad58326}</UniqueIdentifier>
      <Extensions>.h</Extensions>
    </Filter>
    <Filter Include="World Files">
      <UniqueIdentifier>{99e7f9f9-abcd-4abf-8200-a4b5a467788c}</UniqueIdentifier>
    </Filter>
  </ItemGroup>
  <ItemGroup>
    <ClCompile Include="client.cpp">
      <Filter>Source Files</Filter>
    </ClCompile>
    <ClCompile Include="LoginAccount.cpp">
      <Filter>Source Files</Filter>
    </ClCompile>
    <ClCompile Include="LoginDatabase.cpp">
      <Filter>Source Files</Filter>
    </ClCompile>
    <ClCompile Include="LWorld.cpp">
      <Filter>Source Files</Filter>
    </ClCompile>
    <ClCompile Include="net.cpp">
      <Filter>Source Files</Filter>
    </ClCompile>
    <ClCompile Include="PacketHeaders.cpp">
      <Filter>Source Files</Filter>
    </ClCompile>
    <ClCompile Include="Character.cpp">
      <Filter>Common Source Files</Filter>
    </ClCompile>
    <ClCompile Include="..\common\Condition.cpp">
      <Filter>Common Source Files</Filter>
    </ClCompile>
    <ClCompile Include="..\common\ConfigReader.cpp">
      <Filter>Common Source Files</Filter>
    </ClCompile>
    <ClCompile Include="..\common\CRC16.cpp">
      <Filter>Common Source Files</Filter>
    </ClCompile>
    <ClCompile Include="..\common\Crypto.cpp">
      <Filter>Common Source Files</Filter>
    </ClCompile>
    <ClCompile Include="..\common\database.cpp">
      <Filter>Common Source Files</Filter>
    </ClCompile>
    <ClCompile Include="..\common\dbcore.cpp">
      <Filter>Common Source Files</Filter>
    </ClCompile>
    <ClCompile Include="..\common\debug.cpp">
      <Filter>Common Source Files</Filter>
    </ClCompile>
    <ClCompile Include="..\common\emu_opcodes.cpp">
      <Filter>Common Source Files</Filter>
    </ClCompile>
    <ClCompile Include="..\common\EQEMuError.cpp">
      <Filter>Common Source Files</Filter>
    </ClCompile>
    <ClCompile Include="..\common\EQPacket.cpp">
      <Filter>Common Source Files</Filter>
    </ClCompile>
    <ClCompile Include="..\common\EQStream.cpp">
      <Filter>Common Source Files</Filter>
    </ClCompile>
    <ClCompile Include="..\common\EQStreamFactory.cpp">
      <Filter>Common Source Files</Filter>
    </ClCompile>
    <ClCompile Include="..\common\misc.cpp">
      <Filter>Common Source Files</Filter>
    </ClCompile>
    <ClCompile Include="..\common\MiscFunctions.cpp">
      <Filter>Common Source Files</Filter>
    </ClCompile>
    <ClCompile Include="..\common\Mutex.cpp">
      <Filter>Common Source Files</Filter>
    </ClCompile>
    <ClCompile Include="..\common\opcodemgr.cpp">
      <Filter>Common Source Files</Filter>
    </ClCompile>
    <ClCompile Include="..\common\packet_dump.cpp">
      <Filter>Common Source Files</Filter>
    </ClCompile>
    <ClCompile Include="..\common\packet_functions.cpp">
      <Filter>Common Source Files</Filter>
    </ClCompile>
    <ClCompile Include="..\common\PacketStruct.cpp">
      <Filter>Common Source Files</Filter>
    </ClCompile>
    <ClCompile Include="..\common\RC4.cpp">
      <Filter>Common Source Files</Filter>
    </ClCompile>
    <ClCompile Include="..\common\TCPConnection.cpp">
      <Filter>Common Source Files</Filter>
    </ClCompile>
    <ClCompile Include="..\common\timer.cpp">
      <Filter>Common Source Files</Filter>
    </ClCompile>
    <ClCompile Include="..\common\xmlParser.cpp">
      <Filter>Common Source Files</Filter>
    </ClCompile>
    <ClCompile Include="..\common\Log.cpp">
      <Filter>Common Source Files</Filter>
    </ClCompile>
    <ClCompile Include="..\common\DatabaseNew.cpp">
      <Filter>Common Source Files</Filter>
    </ClCompile>
    <ClCompile Include="..\common\DatabaseResult.cpp">
      <Filter>Common Source Files</Filter>
    </ClCompile>
  </ItemGroup>
  <ItemGroup>
    <ClInclude Include="client.h">
      <Filter>Header Files</Filter>
    </ClInclude>
    <ClInclude Include="login_opcodes.h">
      <Filter>Header Files</Filter>
    </ClInclude>
    <ClInclude Include="login_structs.h">
      <Filter>Header Files</Filter>
    </ClInclude>
    <ClInclude Include="LoginAccount.h">
      <Filter>Header Files</Filter>
    </ClInclude>
    <ClInclude Include="LoginDatabase.h">
      <Filter>Header Files</Filter>
    </ClInclude>
    <ClInclude Include="LWorld.h">
      <Filter>Header Files</Filter>
    </ClInclude>
    <ClInclude Include="net.h">
      <Filter>Header Files</Filter>
    </ClInclude>
    <ClInclude Include="PacketHeaders.h">
      <Filter>Header Files</Filter>
    </ClInclude>
    <ClInclude Include="Character.h">
      <Filter>Common Header Files</Filter>
    </ClInclude>
    <ClInclude Include="..\common\Condition.h">
      <Filter>Common Header Files</Filter>
    </ClInclude>
    <ClInclude Include="..\common\ConfigReader.h">
      <Filter>Common Header Files</Filter>
    </ClInclude>
    <ClInclude Include="..\common\CRC16.h">
      <Filter>Common Header Files</Filter>
    </ClInclude>
    <ClInclude Include="..\common\Crypto.h">
      <Filter>Common Header Files</Filter>
    </ClInclude>
    <ClInclude Include="..\common\database.h">
      <Filter>Common Header Files</Filter>
    </ClInclude>
    <ClInclude Include="..\common\DataBuffer.h">
      <Filter>Common Header Files</Filter>
    </ClInclude>
    <ClInclude Include="..\common\dbcore.h">
      <Filter>Common Header Files</Filter>
    </ClInclude>
    <ClInclude Include="..\common\debug.h">
      <Filter>Common Header Files</Filter>
    </ClInclude>
    <ClInclude Include="..\common\emu_opcodes.h">
      <Filter>Common Header Files</Filter>
    </ClInclude>
    <ClInclude Include="..\common\EQ2_Common_Structs.h">
      <Filter>Common Header Files</Filter>
    </ClInclude>
    <ClInclude Include="..\common\EQEMuError.h">
      <Filter>Common Header Files</Filter>
    </ClInclude>
    <ClInclude Include="..\common\EQPacket.h">
      <Filter>Common Header Files</Filter>
    </ClInclude>
    <ClInclude Include="..\common\EQStream.h">
      <Filter>Common Header Files</Filter>
    </ClInclude>
    <ClInclude Include="..\common\EQStreamFactory.h">
      <Filter>Common Header Files</Filter>
    </ClInclude>
    <ClInclude Include="..\common\GlobalHeaders.h">
      <Filter>Common Header Files</Filter>
    </ClInclude>
    <ClInclude Include="..\common\linked_list.h">
      <Filter>Common Header Files</Filter>
    </ClInclude>
    <ClInclude Include="..\common\login_oplist.h">
      <Filter>Common Header Files</Filter>
    </ClInclude>
    <ClInclude Include="..\common\misc.h">
      <Filter>Common Header Files</Filter>
    </ClInclude>
    <ClInclude Include="..\common\MiscFunctions.h">
      <Filter>Common Header Files</Filter>
    </ClInclude>
    <ClInclude Include="..\common\Mutex.h">
      <Filter>Common Header Files</Filter>
    </ClInclude>
    <ClInclude Include="..\common\op_codes.h">
      <Filter>Common Header Files</Filter>
    </ClInclude>
    <ClInclude Include="..\common\opcodemgr.h">
      <Filter>Common Header Files</Filter>
    </ClInclude>
    <ClInclude Include="..\common\packet_dump.h">
      <Filter>Common Header Files</Filter>
    </ClInclude>
    <ClInclude Include="..\common\packet_functions.h">
      <Filter>Common Header Files</Filter>
    </ClInclude>
    <ClInclude Include="..\common\PacketStruct.h">
      <Filter>Common Header Files</Filter>
    </ClInclude>
    <ClInclude Include="..\common\queue.h">
      <Filter>Common Header Files</Filter>
    </ClInclude>
    <ClInclude Include="..\common\RC4.h">
      <Filter>Common Header Files</Filter>
    </ClInclude>
    <ClInclude Include="..\common\seperator.h">
      <Filter>Common Header Files</Filter>
    </ClInclude>
    <ClInclude Include="..\common\servertalk.h">
      <Filter>Common Header Files</Filter>
    </ClInclude>
    <ClInclude Include="..\common\TCPConnection.h">
      <Filter>Common Header Files</Filter>
    </ClInclude>
    <ClInclude Include="..\common\timer.h">
      <Filter>Common Header Files</Filter>
    </ClInclude>
    <ClInclude Include="..\common\types.h">
      <Filter>Common Header Files</Filter>
    </ClInclude>
    <ClInclude Include="..\common\version.h">
      <Filter>Common Header Files</Filter>
    </ClInclude>
    <ClInclude Include="..\common\xmlParser.h">
      <Filter>Common Header Files</Filter>
    </ClInclude>
    <ClInclude Include="..\World\MutexHelper.h">
      <Filter>World Files</Filter>
    </ClInclude>
    <ClInclude Include="..\World\MutexList.h">
      <Filter>World Files</Filter>
    </ClInclude>
    <ClInclude Include="..\World\MutexMap.h">
      <Filter>World Files</Filter>
    </ClInclude>
    <ClInclude Include="..\common\Log.h">
      <Filter>Common Header Files</Filter>
    </ClInclude>
    <ClInclude Include="..\common\LogTypes.h">
      <Filter>Common Header Files</Filter>
    </ClInclude>
    <ClInclude Include="..\common\DatabaseNew.h">
      <Filter>Common Header Files</Filter>
    </ClInclude>
    <ClInclude Include="..\common\DatabaseResult.h">
      <Filter>Common Header Files</Filter>
    </ClInclude>
  </ItemGroup>
</Project>